// !$*UTF8*$!
{
	archiveVersion = 1;
	classes = {
	};
	objectVersion = 77;
	objects = {

/* Begin PBXBuildFile section */
		DA433AC72DA0CE9C002B561D /* FirebaseAuth in Frameworks */ = {isa = PBXBuildFile; productRef = DA433AC62DA0CE9C002B561D /* FirebaseAuth */; };
		DA433AC92DA0CE9C002B561D /* FirebaseCore in Frameworks */ = {isa = PBXBuildFile; productRef = DA433AC82DA0CE9C002B561D /* FirebaseCore */; };
		DA433ACB2DA0CE9C002B561D /* FirebaseDatabase in Frameworks */ = {isa = PBXBuildFile; productRef = DA433ACA2DA0CE9C002B561D /* FirebaseDatabase */; };
		DA433ACD2DA0CE9C002B561D /* FirebaseFirestore in Frameworks */ = {isa = PBXBuildFile; productRef = DA433ACC2DA0CE9C002B561D /* FirebaseFirestore */; };
		DA433ACF2DA0CE9C002B561D /* FirebaseStorage in Frameworks */ = {isa = PBXBuildFile; productRef = DA433ACE2DA0CE9C002B561D /* FirebaseStorage */; };
		DAFDFCC12DA0F8050008A047 /* SiriWaveView in Frameworks */ = {isa = PBXBuildFile; productRef = DAFDFCC02DA0F8050008A047 /* SiriWaveView */; };
		DAFDFCC42DA0F83F0008A047 /* XCAOpenAIClient in Frameworks */ = {isa = PBXBuildFile; productRef = DAFDFCC32DA0F83F0008A047 /* XCAOpenAIClient */; };
/* End PBXBuildFile section */

/* Begin PBXContainerItemProxy section */
		DA433A922DA0CBF0002B561D /* PBXContainerItemProxy */ = {
			isa = PBXContainerItemProxy;
			containerPortal = DA433A792DA0CBEF002B561D /* Project object */;
			proxyType = 1;
			remoteGlobalIDString = DA433A802DA0CBEF002B561D;
			remoteInfo = Gemma;
		};
		DA433A9C2DA0CBF0002B561D /* PBXContainerItemProxy */ = {
			isa = PBXContainerItemProxy;
			containerPortal = DA433A792DA0CBEF002B561D /* Project object */;
			proxyType = 1;
			remoteGlobalIDString = DA433A802DA0CBEF002B561D;
			remoteInfo = Gemma;
		};
/* End PBXContainerItemProxy section */

/* Begin PBXFileReference section */
		DA433A812DA0CBEF002B561D /* Gemma.app */ = {isa = PBXFileReference; explicitFileType = wrapper.application; includeInIndex = 0; path = Gemma.app; sourceTree = BUILT_PRODUCTS_DIR; };
		DA433A912DA0CBF0002B561D /* GemmaTests.xctest */ = {isa = PBXFileReference; explicitFileType = wrapper.cfbundle; includeInIndex = 0; path = GemmaTests.xctest; sourceTree = BUILT_PRODUCTS_DIR; };
		DA433A9B2DA0CBF0002B561D /* GemmaUITests.xctest */ = {isa = PBXFileReference; explicitFileType = wrapper.cfbundle; includeInIndex = 0; path = GemmaUITests.xctest; sourceTree = BUILT_PRODUCTS_DIR; };
/* End PBXFileReference section */

/* Begin PBXFileSystemSynchronizedBuildFileExceptionSet section */
		DA433AC32DA0CD7F002B561D /* Exceptions for "Gemma" folder in "GemmaTests" target */ = {
			isa = PBXFileSystemSynchronizedBuildFileExceptionSet;
			membershipExceptions = (
				"GoogleService-Info.plist",
			);
			target = DA433A902DA0CBF0002B561D /* GemmaTests */;
		};
		DA433AC42DA0CD7F002B561D /* Exceptions for "Gemma" folder in "GemmaUITests" target */ = {
			isa = PBXFileSystemSynchronizedBuildFileExceptionSet;
			membershipExceptions = (
				"GoogleService-Info.plist",
			);
			target = DA433A9A2DA0CBF0002B561D /* GemmaUITests */;
		};
/* End PBXFileSystemSynchronizedBuildFileExceptionSet section */

/* Begin PBXFileSystemSynchronizedRootGroup section */
		DA433A832DA0CBEF002B561D /* Gemma */ = {
			isa = PBXFileSystemSynchronizedRootGroup;
			exceptions = (
				DA433AC32DA0CD7F002B561D /* Exceptions for "Gemma" folder in "GemmaTests" target */,
				DA433AC42DA0CD7F002B561D /* Exceptions for "Gemma" folder in "GemmaUITests" target */,
			);
			path = Gemma;
			sourceTree = "<group>";
		};
		DA433A942DA0CBF0002B561D /* GemmaTests */ = {
			isa = PBXFileSystemSynchronizedRootGroup;
			path = GemmaTests;
			sourceTree = "<group>";
		};
		DA433A9E2DA0CBF0002B561D /* GemmaUITests */ = {
			isa = PBXFileSystemSynchronizedRootGroup;
			path = GemmaUITests;
			sourceTree = "<group>";
		};
/* End PBXFileSystemSynchronizedRootGroup section */

/* Begin PBXFrameworksBuildPhase section */
		DA433A7E2DA0CBEF002B561D /* Frameworks */ = {
			isa = PBXFrameworksBuildPhase;
			buildActionMask = 2147483647;
			files = (
				DA433ACB2DA0CE9C002B561D /* FirebaseDatabase in Frameworks */,
				DA433ACD2DA0CE9C002B561D /* FirebaseFirestore in Frameworks */,
				DA433AC92DA0CE9C002B561D /* FirebaseCore in Frameworks */,
				DAFDFCC42DA0F83F0008A047 /* XCAOpenAIClient in Frameworks */,
				DAFDFCC12DA0F8050008A047 /* SiriWaveView in Frameworks */,
				DA433ACF2DA0CE9C002B561D /* FirebaseStorage in Frameworks */,
				DA433AC72DA0CE9C002B561D /* FirebaseAuth in Frameworks */,
			);
			runOnlyForDeploymentPostprocessing = 0;
		};
		DA433A8E2DA0CBF0002B561D /* Frameworks */ = {
			isa = PBXFrameworksBuildPhase;
			buildActionMask = 2147483647;
			files = (
			);
			runOnlyForDeploymentPostprocessing = 0;
		};
		DA433A982DA0CBF0002B561D /* Frameworks */ = {
			isa = PBXFrameworksBuildPhase;
			buildActionMask = 2147483647;
			files = (
			);
			runOnlyForDeploymentPostprocessing = 0;
		};
/* End PBXFrameworksBuildPhase section */

/* Begin PBXGroup section */
		DA433A782DA0CBEF002B561D = {
			isa = PBXGroup;
			children = (
				DA433A832DA0CBEF002B561D /* Gemma */,
				DA433A942DA0CBF0002B561D /* GemmaTests */,
				DA433A9E2DA0CBF0002B561D /* GemmaUITests */,
				DA433A822DA0CBEF002B561D /* Products */,
			);
			sourceTree = "<group>";
		};
		DA433A822DA0CBEF002B561D /* Products */ = {
			isa = PBXGroup;
			children = (
				DA433A812DA0CBEF002B561D /* Gemma.app */,
				DA433A912DA0CBF0002B561D /* GemmaTests.xctest */,
				DA433A9B2DA0CBF0002B561D /* GemmaUITests.xctest */,
			);
			name = Products;
			sourceTree = "<group>";
		};
/* End PBXGroup section */

/* Begin PBXNativeTarget section */
		DA433A802DA0CBEF002B561D /* Gemma */ = {
			isa = PBXNativeTarget;
			buildConfigurationList = DA433AA52DA0CBF0002B561D /* Build configuration list for PBXNativeTarget "Gemma" */;
			buildPhases = (
				DA433A7D2DA0CBEF002B561D /* Sources */,
				DA433A7E2DA0CBEF002B561D /* Frameworks */,
				DA433A7F2DA0CBEF002B561D /* Resources */,
			);
			buildRules = (
			);
			dependencies = (
			);
			fileSystemSynchronizedGroups = (
				DA433A832DA0CBEF002B561D /* Gemma */,
			);
			name = Gemma;
			packageProductDependencies = (
				DA433AC62DA0CE9C002B561D /* FirebaseAuth */,
				DA433AC82DA0CE9C002B561D /* FirebaseCore */,
				DA433ACA2DA0CE9C002B561D /* FirebaseDatabase */,
				DA433ACC2DA0CE9C002B561D /* FirebaseFirestore */,
				DA433ACE2DA0CE9C002B561D /* FirebaseStorage */,
				DAFDFCC02DA0F8050008A047 /* SiriWaveView */,
				DAFDFCC32DA0F83F0008A047 /* XCAOpenAIClient */,
			);
			productName = Gemma;
			productReference = DA433A812DA0CBEF002B561D /* Gemma.app */;
			productType = "com.apple.product-type.application";
		};
		DA433A902DA0CBF0002B561D /* GemmaTests */ = {
			isa = PBXNativeTarget;
			buildConfigurationList = DA433AA82DA0CBF0002B561D /* Build configuration list for PBXNativeTarget "GemmaTests" */;
			buildPhases = (
				DA433A8D2DA0CBF0002B561D /* Sources */,
				DA433A8E2DA0CBF0002B561D /* Frameworks */,
				DA433A8F2DA0CBF0002B561D /* Resources */,
			);
			buildRules = (
			);
			dependencies = (
				DA433A932DA0CBF0002B561D /* PBXTargetDependency */,
			);
			fileSystemSynchronizedGroups = (
				DA433A942DA0CBF0002B561D /* GemmaTests */,
			);
			name = GemmaTests;
			packageProductDependencies = (
			);
			productName = GemmaTests;
			productReference = DA433A912DA0CBF0002B561D /* GemmaTests.xctest */;
			productType = "com.apple.product-type.bundle.unit-test";
		};
		DA433A9A2DA0CBF0002B561D /* GemmaUITests */ = {
			isa = PBXNativeTarget;
			buildConfigurationList = DA433AAB2DA0CBF0002B561D /* Build configuration list for PBXNativeTarget "GemmaUITests" */;
			buildPhases = (
				DA433A972DA0CBF0002B561D /* Sources */,
				DA433A982DA0CBF0002B561D /* Frameworks */,
				DA433A992DA0CBF0002B561D /* Resources */,
			);
			buildRules = (
			);
			dependencies = (
				DA433A9D2DA0CBF0002B561D /* PBXTargetDependency */,
			);
			fileSystemSynchronizedGroups = (
				DA433A9E2DA0CBF0002B561D /* GemmaUITests */,
			);
			name = GemmaUITests;
			packageProductDependencies = (
			);
			productName = GemmaUITests;
			productReference = DA433A9B2DA0CBF0002B561D /* GemmaUITests.xctest */;
			productType = "com.apple.product-type.bundle.ui-testing";
		};
/* End PBXNativeTarget section */

/* Begin PBXProject section */
		DA433A792DA0CBEF002B561D /* Project object */ = {
			isa = PBXProject;
			attributes = {
				BuildIndependentTargetsInParallel = 1;
				LastSwiftUpdateCheck = 1600;
				LastUpgradeCheck = 1600;
				TargetAttributes = {
					DA433A802DA0CBEF002B561D = {
						CreatedOnToolsVersion = 16.0;
					};
					DA433A902DA0CBF0002B561D = {
						CreatedOnToolsVersion = 16.0;
						TestTargetID = DA433A802DA0CBEF002B561D;
					};
					DA433A9A2DA0CBF0002B561D = {
						CreatedOnToolsVersion = 16.0;
						TestTargetID = DA433A802DA0CBEF002B561D;
					};
				};
			};
			buildConfigurationList = DA433A7C2DA0CBEF002B561D /* Build configuration list for PBXProject "Gemma" */;
			developmentRegion = en;
			hasScannedForEncodings = 0;
			knownRegions = (
				en,
				Base,
			);
			mainGroup = DA433A782DA0CBEF002B561D;
			minimizedProjectReferenceProxies = 1;
			packageReferences = (
				DA433AC52DA0CE9C002B561D /* XCRemoteSwiftPackageReference "firebase-ios-sdk" */,
				DAFDFCBF2DA0F8050008A047 /* XCRemoteSwiftPackageReference "SiriWaveView" */,
				DAFDFCC22DA0F83F0008A047 /* XCRemoteSwiftPackageReference "XCAOpenAIClient" */,
			);
			preferredProjectObjectVersion = 77;
			productRefGroup = DA433A822DA0CBEF002B561D /* Products */;
			projectDirPath = "";
			projectRoot = "";
			targets = (
				DA433A802DA0CBEF002B561D /* Gemma */,
				DA433A902DA0CBF0002B561D /* GemmaTests */,
				DA433A9A2DA0CBF0002B561D /* GemmaUITests */,
			);
		};
/* End PBXProject section */

/* Begin PBXResourcesBuildPhase section */
		DA433A7F2DA0CBEF002B561D /* Resources */ = {
			isa = PBXResourcesBuildPhase;
			buildActionMask = 2147483647;
			files = (
			);
			runOnlyForDeploymentPostprocessing = 0;
		};
		DA433A8F2DA0CBF0002B561D /* Resources */ = {
			isa = PBXResourcesBuildPhase;
			buildActionMask = 2147483647;
			files = (
			);
			runOnlyForDeploymentPostprocessing = 0;
		};
		DA433A992DA0CBF0002B561D /* Resources */ = {
			isa = PBXResourcesBuildPhase;
			buildActionMask = 2147483647;
			files = (
			);
			runOnlyForDeploymentPostprocessing = 0;
		};
/* End PBXResourcesBuildPhase section */

/* Begin PBXSourcesBuildPhase section */
		DA433A7D2DA0CBEF002B561D /* Sources */ = {
			isa = PBXSourcesBuildPhase;
			buildActionMask = 2147483647;
			files = (
			);
			runOnlyForDeploymentPostprocessing = 0;
		};
		DA433A8D2DA0CBF0002B561D /* Sources */ = {
			isa = PBXSourcesBuildPhase;
			buildActionMask = 2147483647;
			files = (
			);
			runOnlyForDeploymentPostprocessing = 0;
		};
		DA433A972DA0CBF0002B561D /* Sources */ = {
			isa = PBXSourcesBuildPhase;
			buildActionMask = 2147483647;
			files = (
			);
			runOnlyForDeploymentPostprocessing = 0;
		};
/* End PBXSourcesBuildPhase section */

/* Begin PBXTargetDependency section */
		DA433A932DA0CBF0002B561D /* PBXTargetDependency */ = {
			isa = PBXTargetDependency;
			target = DA433A802DA0CBEF002B561D /* Gemma */;
			targetProxy = DA433A922DA0CBF0002B561D /* PBXContainerItemProxy */;
		};
		DA433A9D2DA0CBF0002B561D /* PBXTargetDependency */ = {
			isa = PBXTargetDependency;
			target = DA433A802DA0CBEF002B561D /* Gemma */;
			targetProxy = DA433A9C2DA0CBF0002B561D /* PBXContainerItemProxy */;
		};
/* End PBXTargetDependency section */

/* Begin XCBuildConfiguration section */
		DA433AA32DA0CBF0002B561D /* Debug */ = {
			isa = XCBuildConfiguration;
			buildSettings = {
				ALWAYS_SEARCH_USER_PATHS = NO;
				ASSETCATALOG_COMPILER_GENERATE_SWIFT_ASSET_SYMBOL_EXTENSIONS = YES;
				CLANG_ANALYZER_NONNULL = YES;
				CLANG_ANALYZER_NUMBER_OBJECT_CONVERSION = YES_AGGRESSIVE;
				CLANG_CXX_LANGUAGE_STANDARD = "gnu++20";
				CLANG_ENABLE_MODULES = YES;
				CLANG_ENABLE_OBJC_ARC = YES;
				CLANG_ENABLE_OBJC_WEAK = YES;
				CLANG_WARN_BLOCK_CAPTURE_AUTORELEASING = YES;
				CLANG_WARN_BOOL_CONVERSION = YES;
				CLANG_WARN_COMMA = YES;
				CLANG_WARN_CONSTANT_CONVERSION = YES;
				CLANG_WARN_DEPRECATED_OBJC_IMPLEMENTATIONS = YES;
				CLANG_WARN_DIRECT_OBJC_ISA_USAGE = YES_ERROR;
				CLANG_WARN_DOCUMENTATION_COMMENTS = YES;
				CLANG_WARN_EMPTY_BODY = YES;
				CLANG_WARN_ENUM_CONVERSION = YES;
				CLANG_WARN_INFINITE_RECURSION = YES;
				CLANG_WARN_INT_CONVERSION = YES;
				CLANG_WARN_NON_LITERAL_NULL_CONVERSION = YES;
				CLANG_WARN_OBJC_IMPLICIT_RETAIN_SELF = YES;
				CLANG_WARN_OBJC_LITERAL_CONVERSION = YES;
				CLANG_WARN_OBJC_ROOT_CLASS = YES_ERROR;
				CLANG_WARN_QUOTED_INCLUDE_IN_FRAMEWORK_HEADER = YES;
				CLANG_WARN_RANGE_LOOP_ANALYSIS = YES;
				CLANG_WARN_STRICT_PROTOTYPES = YES;
				CLANG_WARN_SUSPICIOUS_MOVE = YES;
				CLANG_WARN_UNGUARDED_AVAILABILITY = YES_AGGRESSIVE;
				CLANG_WARN_UNREACHABLE_CODE = YES;
				CLANG_WARN__DUPLICATE_METHOD_MATCH = YES;
				COPY_PHASE_STRIP = NO;
				DEBUG_INFORMATION_FORMAT = dwarf;
				ENABLE_STRICT_OBJC_MSGSEND = YES;
				ENABLE_TESTABILITY = YES;
				ENABLE_USER_SCRIPT_SANDBOXING = YES;
				GCC_C_LANGUAGE_STANDARD = gnu17;
				GCC_DYNAMIC_NO_PIC = NO;
				GCC_NO_COMMON_BLOCKS = YES;
				GCC_OPTIMIZATION_LEVEL = 0;
				GCC_PREPROCESSOR_DEFINITIONS = (
					"DEBUG=1",
					"$(inherited)",
				);
				GCC_WARN_64_TO_32_BIT_CONVERSION = YES;
				GCC_WARN_ABOUT_RETURN_TYPE = YES_ERROR;
				GCC_WARN_UNDECLARED_SELECTOR = YES;
				GCC_WARN_UNINITIALIZED_AUTOS = YES_AGGRESSIVE;
				GCC_WARN_UNUSED_FUNCTION = YES;
				GCC_WARN_UNUSED_VARIABLE = YES;
				IPHONEOS_DEPLOYMENT_TARGET = 18.0;
				LOCALIZATION_PREFERS_STRING_CATALOGS = YES;
				MTL_ENABLE_DEBUG_INFO = INCLUDE_SOURCE;
				MTL_FAST_MATH = YES;
				ONLY_ACTIVE_ARCH = YES;
				SDKROOT = iphoneos;
				SWIFT_ACTIVE_COMPILATION_CONDITIONS = "DEBUG $(inherited)";
				SWIFT_OPTIMIZATION_LEVEL = "-Onone";
			};
			name = Debug;
		};
		DA433AA42DA0CBF0002B561D /* Release */ = {
			isa = XCBuildConfiguration;
			buildSettings = {
				ALWAYS_SEARCH_USER_PATHS = NO;
				ASSETCATALOG_COMPILER_GENERATE_SWIFT_ASSET_SYMBOL_EXTENSIONS = YES;
				CLANG_ANALYZER_NONNULL = YES;
				CLANG_ANALYZER_NUMBER_OBJECT_CONVERSION = YES_AGGRESSIVE;
				CLANG_CXX_LANGUAGE_STANDARD = "gnu++20";
				CLANG_ENABLE_MODULES = YES;
				CLANG_ENABLE_OBJC_ARC = YES;
				CLANG_ENABLE_OBJC_WEAK = YES;
				CLANG_WARN_BLOCK_CAPTURE_AUTORELEASING = YES;
				CLANG_WARN_BOOL_CONVERSION = YES;
				CLANG_WARN_COMMA = YES;
				CLANG_WARN_CONSTANT_CONVERSION = YES;
				CLANG_WARN_DEPRECATED_OBJC_IMPLEMENTATIONS = YES;
				CLANG_WARN_DIRECT_OBJC_ISA_USAGE = YES_ERROR;
				CLANG_WARN_DOCUMENTATION_COMMENTS = YES;
				CLANG_WARN_EMPTY_BODY = YES;
				CLANG_WARN_ENUM_CONVERSION = YES;
				CLANG_WARN_INFINITE_RECURSION = YES;
				CLANG_WARN_INT_CONVERSION = YES;
				CLANG_WARN_NON_LITERAL_NULL_CONVERSION = YES;
				CLANG_WARN_OBJC_IMPLICIT_RETAIN_SELF = YES;
				CLANG_WARN_OBJC_LITERAL_CONVERSION = YES;
				CLANG_WARN_OBJC_ROOT_CLASS = YES_ERROR;
				CLANG_WARN_QUOTED_INCLUDE_IN_FRAMEWORK_HEADER = YES;
				CLANG_WARN_RANGE_LOOP_ANALYSIS = YES;
				CLANG_WARN_STRICT_PROTOTYPES = YES;
				CLANG_WARN_SUSPICIOUS_MOVE = YES;
				CLANG_WARN_UNGUARDED_AVAILABILITY = YES_AGGRESSIVE;
				CLANG_WARN_UNREACHABLE_CODE = YES;
				CLANG_WARN__DUPLICATE_METHOD_MATCH = YES;
				COPY_PHASE_STRIP = NO;
				DEBUG_INFORMATION_FORMAT = "dwarf-with-dsym";
				ENABLE_NS_ASSERTIONS = NO;
				ENABLE_STRICT_OBJC_MSGSEND = YES;
				ENABLE_USER_SCRIPT_SANDBOXING = YES;
				GCC_C_LANGUAGE_STANDARD = gnu17;
				GCC_NO_COMMON_BLOCKS = YES;
				GCC_WARN_64_TO_32_BIT_CONVERSION = YES;
				GCC_WARN_ABOUT_RETURN_TYPE = YES_ERROR;
				GCC_WARN_UNDECLARED_SELECTOR = YES;
				GCC_WARN_UNINITIALIZED_AUTOS = YES_AGGRESSIVE;
				GCC_WARN_UNUSED_FUNCTION = YES;
				GCC_WARN_UNUSED_VARIABLE = YES;
				IPHONEOS_DEPLOYMENT_TARGET = 18.0;
				LOCALIZATION_PREFERS_STRING_CATALOGS = YES;
				MTL_ENABLE_DEBUG_INFO = NO;
				MTL_FAST_MATH = YES;
				SDKROOT = iphoneos;
				SWIFT_COMPILATION_MODE = wholemodule;
				VALIDATE_PRODUCT = YES;
			};
			name = Release;
		};
		DA433AA62DA0CBF0002B561D /* Debug */ = {
			isa = XCBuildConfiguration;
			buildSettings = {
				ASSETCATALOG_COMPILER_APPICON_NAME = AppIcon;
				ASSETCATALOG_COMPILER_GLOBAL_ACCENT_COLOR_NAME = AccentColor;
				CODE_SIGN_STYLE = Automatic;
				CURRENT_PROJECT_VERSION = 1;
				DEVELOPMENT_ASSET_PATHS = "\"Gemma/Preview Content\"";
				DEVELOPMENT_TEAM = 3YA6N7W42X;
				ENABLE_PREVIEWS = YES;
				GENERATE_INFOPLIST_FILE = YES;
				INFOPLIST_KEY_NSMicrophoneUsageDescription = "Allow access to your mic. This allows for communication with the interviewer";
				INFOPLIST_KEY_UIApplicationSceneManifest_Generation = YES;
				INFOPLIST_KEY_UIApplicationSupportsIndirectInputEvents = YES;
				INFOPLIST_KEY_UILaunchScreen_Generation = YES;
				INFOPLIST_KEY_UISupportedInterfaceOrientations_iPad = "UIInterfaceOrientationPortrait UIInterfaceOrientationPortraitUpsideDown UIInterfaceOrientationLandscapeLeft UIInterfaceOrientationLandscapeRight";
				INFOPLIST_KEY_UISupportedInterfaceOrientations_iPhone = "UIInterfaceOrientationPortrait UIInterfaceOrientationLandscapeLeft UIInterfaceOrientationLandscapeRight";
				LD_RUNPATH_SEARCH_PATHS = (
					"$(inherited)",
					"@executable_path/Frameworks",
				);
				MARKETING_VERSION = 1.0;
				PRODUCT_BUNDLE_IDENTIFIER = drecon.Gemma;
				PRODUCT_NAME = "$(TARGET_NAME)";
				SWIFT_EMIT_LOC_STRINGS = YES;
				SWIFT_VERSION = 5.0;
				TARGETED_DEVICE_FAMILY = "1,2";
			};
			name = Debug;
		};
		DA433AA72DA0CBF0002B561D /* Release */ = {
			isa = XCBuildConfiguration;
			buildSettings = {
				ASSETCATALOG_COMPILER_APPICON_NAME = AppIcon;
				ASSETCATALOG_COMPILER_GLOBAL_ACCENT_COLOR_NAME = AccentColor;
				CODE_SIGN_STYLE = Automatic;
				CURRENT_PROJECT_VERSION = 1;
				DEVELOPMENT_ASSET_PATHS = "\"Gemma/Preview Content\"";
				DEVELOPMENT_TEAM = 3YA6N7W42X;
				ENABLE_PREVIEWS = YES;
				GENERATE_INFOPLIST_FILE = YES;
				INFOPLIST_KEY_NSMicrophoneUsageDescription = "Allow access to your mic. This allows for communication with the interviewer";
				INFOPLIST_KEY_UIApplicationSceneManifest_Generation = YES;
				INFOPLIST_KEY_UIApplicationSupportsIndirectInputEvents = YES;
				INFOPLIST_KEY_UILaunchScreen_Generation = YES;
				INFOPLIST_KEY_UISupportedInterfaceOrientations_iPad = "UIInterfaceOrientationPortrait UIInterfaceOrientationPortraitUpsideDown UIInterfaceOrientationLandscapeLeft UIInterfaceOrientationLandscapeRight";
				INFOPLIST_KEY_UISupportedInterfaceOrientations_iPhone = "UIInterfaceOrientationPortrait UIInterfaceOrientationLandscapeLeft UIInterfaceOrientationLandscapeRight";
				LD_RUNPATH_SEARCH_PATHS = (
					"$(inherited)",
					"@executable_path/Frameworks",
				);
				MARKETING_VERSION = 1.0;
				PRODUCT_BUNDLE_IDENTIFIER = drecon.Gemma;
				PRODUCT_NAME = "$(TARGET_NAME)";
				SWIFT_EMIT_LOC_STRINGS = YES;
				SWIFT_VERSION = 5.0;
				TARGETED_DEVICE_FAMILY = "1,2";
			};
			name = Release;
		};
		DA433AA92DA0CBF0002B561D /* Debug */ = {
			isa = XCBuildConfiguration;
			buildSettings = {
				BUNDLE_LOADER = "$(TEST_HOST)";
				CODE_SIGN_STYLE = Automatic;
				CURRENT_PROJECT_VERSION = 1;
				DEVELOPMENT_TEAM = 3YA6N7W42X;
				GENERATE_INFOPLIST_FILE = YES;
				IPHONEOS_DEPLOYMENT_TARGET = 18.0;
				MARKETING_VERSION = 1.0;
				PRODUCT_BUNDLE_IDENTIFIER = drecon.GemmaTests;
				PRODUCT_NAME = "$(TARGET_NAME)";
				SWIFT_EMIT_LOC_STRINGS = NO;
				SWIFT_VERSION = 5.0;
				TARGETED_DEVICE_FAMILY = "1,2";
				TEST_HOST = "$(BUILT_PRODUCTS_DIR)/Gemma.app/$(BUNDLE_EXECUTABLE_FOLDER_PATH)/Gemma";
			};
			name = Debug;
		};
		DA433AAA2DA0CBF0002B561D /* Release */ = {
			isa = XCBuildConfiguration;
			buildSettings = {
				BUNDLE_LOADER = "$(TEST_HOST)";
				CODE_SIGN_STYLE = Automatic;
				CURRENT_PROJECT_VERSION = 1;
				DEVELOPMENT_TEAM = 3YA6N7W42X;
				GENERATE_INFOPLIST_FILE = YES;
				IPHONEOS_DEPLOYMENT_TARGET = 18.0;
				MARKETING_VERSION = 1.0;
				PRODUCT_BUNDLE_IDENTIFIER = drecon.GemmaTests;
				PRODUCT_NAME = "$(TARGET_NAME)";
				SWIFT_EMIT_LOC_STRINGS = NO;
				SWIFT_VERSION = 5.0;
				TARGETED_DEVICE_FAMILY = "1,2";
				TEST_HOST = "$(BUILT_PRODUCTS_DIR)/Gemma.app/$(BUNDLE_EXECUTABLE_FOLDER_PATH)/Gemma";
			};
			name = Release;
		};
		DA433AAC2DA0CBF0002B561D /* Debug */ = {
			isa = XCBuildConfiguration;
			buildSettings = {
				CODE_SIGN_STYLE = Automatic;
				CURRENT_PROJECT_VERSION = 1;
				DEVELOPMENT_TEAM = 3YA6N7W42X;
				GENERATE_INFOPLIST_FILE = YES;
				MARKETING_VERSION = 1.0;
				PRODUCT_BUNDLE_IDENTIFIER = drecon.GemmaUITests;
				PRODUCT_NAME = "$(TARGET_NAME)";
				SWIFT_EMIT_LOC_STRINGS = NO;
				SWIFT_VERSION = 5.0;
				TARGETED_DEVICE_FAMILY = "1,2";
				TEST_TARGET_NAME = Gemma;
			};
			name = Debug;
		};
		DA433AAD2DA0CBF0002B561D /* Release */ = {
			isa = XCBuildConfiguration;
			buildSettings = {
				CODE_SIGN_STYLE = Automatic;
				CURRENT_PROJECT_VERSION = 1;
				DEVELOPMENT_TEAM = 3YA6N7W42X;
				GENERATE_INFOPLIST_FILE = YES;
				MARKETING_VERSION = 1.0;
				PRODUCT_BUNDLE_IDENTIFIER = drecon.GemmaUITests;
				PRODUCT_NAME = "$(TARGET_NAME)";
				SWIFT_EMIT_LOC_STRINGS = NO;
				SWIFT_VERSION = 5.0;
				TARGETED_DEVICE_FAMILY = "1,2";
				TEST_TARGET_NAME = Gemma;
			};
			name = Release;
		};
/* End XCBuildConfiguration section */

/* Begin XCConfigurationList section */
		DA433A7C2DA0CBEF002B561D /* Build configuration list for PBXProject "Gemma" */ = {
			isa = XCConfigurationList;
			buildConfigurations = (
				DA433AA32DA0CBF0002B561D /* Debug */,
				DA433AA42DA0CBF0002B561D /* Release */,
			);
			defaultConfigurationIsVisible = 0;
			defaultConfigurationName = Release;
		};
		DA433AA52DA0CBF0002B561D /* Build configuration list for PBXNativeTarget "Gemma" */ = {
			isa = XCConfigurationList;
			buildConfigurations = (
				DA433AA62DA0CBF0002B561D /* Debug */,
				DA433AA72DA0CBF0002B561D /* Release */,
			);
			defaultConfigurationIsVisible = 0;
			defaultConfigurationName = Release;
		};
		DA433AA82DA0CBF0002B561D /* Build configuration list for PBXNativeTarget "GemmaTests" */ = {
			isa = XCConfigurationList;
			buildConfigurations = (
				DA433AA92DA0CBF0002B561D /* Debug */,
				DA433AAA2DA0CBF0002B561D /* Release */,
			);
			defaultConfigurationIsVisible = 0;
			defaultConfigurationName = Release;
		};
		DA433AAB2DA0CBF0002B561D /* Build configuration list for PBXNativeTarget "GemmaUITests" */ = {
			isa = XCConfigurationList;
			buildConfigurations = (
				DA433AAC2DA0CBF0002B561D /* Debug */,
				DA433AAD2DA0CBF0002B561D /* Release */,
			);
			defaultConfigurationIsVisible = 0;
			defaultConfigurationName = Release;
		};
/* End XCConfigurationList section */

/* Begin XCRemoteSwiftPackageReference section */
		DA433AC52DA0CE9C002B561D /* XCRemoteSwiftPackageReference "firebase-ios-sdk" */ = {
			isa = XCRemoteSwiftPackageReference;
			repositoryURL = "https://github.com/firebase/firebase-ios-sdk";
			requirement = {
				kind = upToNextMajorVersion;
				minimumVersion = 11.11.0;
			};
		};
		DAFDFCBF2DA0F8050008A047 /* XCRemoteSwiftPackageReference "SiriWaveView" */ = {
			isa = XCRemoteSwiftPackageReference;
			repositoryURL = "https://github.com/alfianlosari/SiriWaveView.git";
			requirement = {
				kind = upToNextMajorVersion;
				minimumVersion = 1.1.0;
			};
		};
		DAFDFCC22DA0F83F0008A047 /* XCRemoteSwiftPackageReference "XCAOpenAIClient" */ = {
			isa = XCRemoteSwiftPackageReference;
			repositoryURL = "https://github.com/alfianlosari/XCAOpenAIClient.git";
			requirement = {
				branch = main;
				kind = branch;
			};
		};
/* End XCRemoteSwiftPackageReference section */

/* Begin XCSwiftPackageProductDependency section */
		DA433AC62DA0CE9C002B561D /* FirebaseAuth */ = {
			isa = XCSwiftPackageProductDependency;
			package = DA433AC52DA0CE9C002B561D /* XCRemoteSwiftPackageReference "firebase-ios-sdk" */;
			productName = FirebaseAuth;
		};
		DA433AC82DA0CE9C002B561D /* FirebaseCore */ = {
			isa = XCSwiftPackageProductDependency;
			package = DA433AC52DA0CE9C002B561D /* XCRemoteSwiftPackageReference "firebase-ios-sdk" */;
			productName = FirebaseCore;
		};
		DA433ACA2DA0CE9C002B561D /* FirebaseDatabase */ = {
			isa = XCSwiftPackageProductDependency;
			package = DA433AC52DA0CE9C002B561D /* XCRemoteSwiftPackageReference "firebase-ios-sdk" */;
			productName = FirebaseDatabase;
		};
		DA433ACC2DA0CE9C002B561D /* FirebaseFirestore */ = {
			isa = XCSwiftPackageProductDependency;
			package = DA433AC52DA0CE9C002B561D /* XCRemoteSwiftPackageReference "firebase-ios-sdk" */;
			productName = FirebaseFirestore;
		};
		DA433ACE2DA0CE9C002B561D /* FirebaseStorage */ = {
			isa = XCSwiftPackageProductDependency;
			package = DA433AC52DA0CE9C002B561D /* XCRemoteSwiftPackageReference "firebase-ios-sdk" */;
			productName = FirebaseStorage;
		};
		DAFDFCC02DA0F8050008A047 /* SiriWaveView */ = {
			isa = XCSwiftPackageProductDependency;
			package = DAFDFCBF2DA0F8050008A047 /* XCRemoteSwiftPackageReference "SiriWaveView" */;
			productName = SiriWaveView;
		};
		DAFDFCC32DA0F83F0008A047 /* XCAOpenAIClient */ = {
			isa = XCSwiftPackageProductDependency;
			package = DAFDFCC22DA0F83F0008A047 /* XCRemoteSwiftPackageReference "XCAOpenAIClient" */;
			productName = XCAOpenAIClient;
		};
/* End XCSwiftPackageProductDependency section */
	};
	rootObject = DA433A792DA0CBEF002B561D /* Project object */;
}
